
Microsoft Visual Studio Solution File, Format Version 12.00
# Visual Studio Version 17
VisualStudioVersion = 17.0.31919.166
MinimumVisualStudioVersion = 10.0.40219.1
Project("{FAE04EC0-301F-11D3-BF4B-00C04F79EFBC}") = "MyWebApp", "MyWebApp\MyWebApp.csproj", "{B009DA91-F389-4146-A04D-076009CF7D5B}"
EndProject
Global
	GlobalSection(SolutionConfigurationPlatforms) = preSolution
		Debug|Any CPU = Debug|Any CPU
		Release|Any CPU = Release|Any CPU
	EndGlobalSection
	GlobalSection(ProjectConfigurationPlatforms) = postSolution
		{B009DA91-F389-4146-A04D-076009CF7D5B}.Debug|Any CPU.ActiveCfg = Debug|Any CPU
		{B009DA91-F389-4146-A04D-076009CF7D5B}.Debug|Any CPU.Build.0 = Debug|Any CPU
		{B009DA91-F389-4146-A04D-076009CF7D5B}.Release|Any CPU.ActiveCfg = Release|Any CPU
		{B009DA91-F389-4146-A04D-076009CF7D5B}.Release|Any CPU.Build.0 = Release|Any CPU
	EndGlobalSection
	GlobalSection(SolutionProperties) = preSolution
		HideSolutionNode = FALSE
	EndGlobalSection
	GlobalSection(ExtensibilityGlobals) = postSolution
		SolutionGuid = {1FFC0610-6A19-4456-92FF-D1D0C2F9B6FE}
	EndGlobalSection
EndGlobal
